
Microsoft Visual Studio Solution File, Format Version 10.00
# Visual Studio 2008
Project("{FAE04EC0-301F-11D3-BF4B-00C04F79EFBC}") = "ChatClient", "ChatClient\ChatClient.csproj", "{D174BED6-04B1-4ACF-A280-5D7B4F720712}"
EndProject
Project("{FAE04EC0-301F-11D3-BF4B-00C04F79EFBC}") = "ChatServer", "ChatServer\ChatServer.csproj", "{F3BFE01E-4991-4E79-8AED-1E87F05699F7}"
EndProject
Global
	GlobalSection(SolutionConfigurationPlatforms) = preSolution
		Debug|Any CPU = Debug|Any CPU
		Release|Any CPU = Release|Any CPU
	EndGlobalSection
	GlobalSection(ProjectConfigurationPlatforms) = postSolution
		{D174BED6-04B1-4ACF-A280-5D7B4F720712}.Debug|Any CPU.ActiveCfg = Debug|Any CPU
		{D174BED6-04B1-4ACF-A280-5D7B4F720712}.Debug|Any CPU.Build.0 = Debug|Any CPU
		{D174BED6-04B1-4ACF-A280-5D7B4F720712}.Release|Any CPU.ActiveCfg = Release|Any CPU
		{D174BED6-04B1-4ACF-A280-5D7B4F720712}.Release|Any CPU.Build.0 = Release|Any CPU
		{F3BFE01E-4991-4E79-8AED-1E87F05699F7}.Debug|Any CPU.ActiveCfg = Debug|Any CPU
		{F3BFE01E-4991-4E79-8AED-1E87F05699F7}.Debug|Any CPU.Build.0 = Debug|Any CPU
		{F3BFE01E-4991-4E79-8AED-1E87F05699F7}.Release|Any CPU.ActiveCfg = Release|Any CPU
		{F3BFE01E-4991-4E79-8AED-1E87F05699F7}.Release|Any CPU.Build.0 = Release|Any CPU
	EndGlobalSection
	GlobalSection(SolutionProperties) = preSolution
		HideSolutionNode = FALSE
	EndGlobalSection
EndGlobal
